
Microsoft Visual Studio Solution File, Format Version 12.00
# Visual Studio 15
VisualStudioVersion = 15.0.27130.2027
MinimumVisualStudioVersion = 10.0.40219.1
Project("{FAE04EC0-301F-11D3-BF4B-00C04F79EFBC}") = "Bakery", "Bakery\Bakery.csproj", "{DAD3C78A-368D-4DA9-B047-A20FA04B5537}"
EndProject
Global
	GlobalSection(SolutionConfigurationPlatforms) = preSolution
		Debug|Any CPU = Debug|Any CPU
		Release|Any CPU = Release|Any CPU
	EndGlobalSection
	GlobalSection(ProjectConfigurationPlatforms) = postSolution
		{DAD3C78A-368D-4DA9-B047-A20FA04B5537}.Debug|Any CPU.ActiveCfg = Debug|Any CPU
		{DAD3C78A-368D-4DA9-B047-A20FA04B5537}.Debug|Any CPU.Build.0 = Debug|Any CPU
		{DAD3C78A-368D-4DA9-B047-A20FA04B5537}.Release|Any CPU.ActiveCfg = Release|Any CPU
		{DAD3C78A-368D-4DA9-B047-A20FA04B5537}.Release|Any CPU.Build.0 = Release|Any CPU
	EndGlobalSection
	GlobalSection(SolutionProperties) = preSolution
		HideSolutionNode = FALSE
	EndGlobalSection
	GlobalSection(ExtensibilityGlobals) = postSolution
		SolutionGuid = {AD0DA2E0-53D3-4254-96B4-681991F1C63D}
	EndGlobalSection
EndGlobal
